{
  "version": 4,
  "terraform_version": "1.0.10",
  "serial": 38,
  "lineage": "8a418831-f39f-b395-8fde-da7e66d5962d",
  "outputs": {},
  "resources": [
    {
      "mode": "managed",
      "type": "azurerm_network_interface",
      "name": "rg",
      "provider": "provider[\"registry.terraform.io/hashicorp/azurerm\"]",
      "instances": [
        {
          "index_key": 0,
          "schema_version": 0,
          "attributes": {
            "applied_dns_servers": [],
            "dns_servers": [],
            "enable_accelerated_networking": false,
            "enable_ip_forwarding": false,
            "id": "/subscriptions/c3deb1e1-7a98-406d-832c-64df188877df/resourceGroups/rg-dv-mosadex/providers/Microsoft.Network/networkInterfaces/az-mosadex-nic-0",
            "internal_dns_name_label": "",
            "internal_domain_name_suffix": "0w2vt4cduv2enba4kcmnaty3tc.ax.internal.cloudapp.net",
            "ip_configuration": [
              {
                "gateway_load_balancer_frontend_ip_configuration_id": "",
                "name": "internal",
                "primary": true,
                "private_ip_address": "10.0.2.4",
                "private_ip_address_allocation": "Dynamic",
                "private_ip_address_version": "IPv4",
                "public_ip_address_id": "/subscriptions/c3deb1e1-7a98-406d-832c-64df188877df/resourceGroups/rg-dv-mosadex/providers/Microsoft.Network/publicIPAddresses/mosadex-publicip-0",
                "subnet_id": "/subscriptions/c3deb1e1-7a98-406d-832c-64df188877df/resourceGroups/rg-dv-mosadex/providers/Microsoft.Network/virtualNetworks/rg-mosadex-cursus/subnets/internal"
              }
            ],
            "location": "westeurope",
            "mac_address": "",
            "name": "az-mosadex-nic-0",
            "private_ip_address": "10.0.2.4",
            "private_ip_addresses": [
              "10.0.2.4"
            ],
            "resource_group_name": "rg-dv-mosadex",
            "tags": {
              "CreatedOnDate": "2022-05-10T13:33:20.3609949Z",
              "ExpiresOn": "2022-05-13T13:33:20.3609594Z"
            },
            "timeouts": null,
            "virtual_machine_id": ""
          },
          "sensitive_attributes": [],
          "private": "eyJlMmJmYjczMC1lY2FhLTExZTYtOGY4OC0zNDM2M2JjN2M0YzAiOnsiY3JlYXRlIjoxODAwMDAwMDAwMDAwLCJkZWxldGUiOjE4MDAwMDAwMDAwMDAsInJlYWQiOjMwMDAwMDAwMDAwMCwidXBkYXRlIjoxODAwMDAwMDAwMDAwfX0=",
          "dependencies": [
            "azurerm_public_ip.rg",
            "azurerm_resource_group.rg",
            "azurerm_subnet.rg",
            "azurerm_virtual_network.rg"
          ]
        }
      ]
    },
    {
      "mode": "managed",
      "type": "azurerm_public_ip",
      "name": "rg",
      "provider": "provider[\"registry.terraform.io/hashicorp/azurerm\"]",
      "instances": [
        {
          "index_key": 0,
          "schema_version": 0,
          "attributes": {
            "allocation_method": "Dynamic",
            "availability_zone": "No-Zone",
            "domain_name_label": null,
            "fqdn": null,
            "id": "/subscriptions/c3deb1e1-7a98-406d-832c-64df188877df/resourceGroups/rg-dv-mosadex/providers/Microsoft.Network/publicIPAddresses/mosadex-publicip-0",
            "idle_timeout_in_minutes": 4,
            "ip_address": "",
            "ip_tags": null,
            "ip_version": "IPv4",
            "location": "westeurope",
            "name": "mosadex-publicip-0",
            "public_ip_prefix_id": null,
            "resource_group_name": "rg-dv-mosadex",
            "reverse_fqdn": null,
            "sku": "Basic",
            "sku_tier": "Regional",
            "tags": {
              "CreatedOnDate": "2022-05-10T13:33:13.1087408Z",
              "ExpiresOn": "2022-05-13T13:33:13.1087208Z"
            },
            "timeouts": null,
            "zones": []
          },
          "sensitive_attributes": [],
          "private": "eyJlMmJmYjczMC1lY2FhLTExZTYtOGY4OC0zNDM2M2JjN2M0YzAiOnsiY3JlYXRlIjoxODAwMDAwMDAwMDAwLCJkZWxldGUiOjE4MDAwMDAwMDAwMDAsInJlYWQiOjMwMDAwMDAwMDAwMCwidXBkYXRlIjoxODAwMDAwMDAwMDAwfX0=",
          "dependencies": [
            "azurerm_resource_group.rg"
          ]
        }
      ]
    },
    {
      "mode": "managed",
      "type": "azurerm_resource_group",
      "name": "rg",
      "provider": "provider[\"registry.terraform.io/hashicorp/azurerm\"]",
      "instances": [
        {
          "schema_version": 0,
          "attributes": {
            "id": "/subscriptions/c3deb1e1-7a98-406d-832c-64df188877df/resourceGroups/rg-dv-mosadex",
            "location": "westeurope",
            "name": "rg-dv-mosadex",
            "tags": null,
            "timeouts": null
          },
          "sensitive_attributes": [],
          "private": "eyJlMmJmYjczMC1lY2FhLTExZTYtOGY4OC0zNDM2M2JjN2M0YzAiOnsiY3JlYXRlIjo1NDAwMDAwMDAwMDAwLCJkZWxldGUiOjU0MDAwMDAwMDAwMDAsInJlYWQiOjMwMDAwMDAwMDAwMCwidXBkYXRlIjo1NDAwMDAwMDAwMDAwfX0="
        }
      ]
    },
    {
      "mode": "managed",
      "type": "azurerm_subnet",
      "name": "rg",
      "provider": "provider[\"registry.terraform.io/hashicorp/azurerm\"]",
      "instances": [
        {
          "schema_version": 0,
          "attributes": {
            "address_prefix": "10.0.2.0/24",
            "address_prefixes": [
              "10.0.2.0/24"
            ],
            "delegation": [],
            "enforce_private_link_endpoint_network_policies": false,
            "enforce_private_link_service_network_policies": false,
            "id": "/subscriptions/c3deb1e1-7a98-406d-832c-64df188877df/resourceGroups/rg-dv-mosadex/providers/Microsoft.Network/virtualNetworks/rg-mosadex-cursus/subnets/internal",
            "name": "internal",
            "resource_group_name": "rg-dv-mosadex",
            "service_endpoint_policy_ids": null,
            "service_endpoints": null,
            "timeouts": null,
            "virtual_network_name": "rg-mosadex-cursus"
          },
          "sensitive_attributes": [],
          "private": "eyJlMmJmYjczMC1lY2FhLTExZTYtOGY4OC0zNDM2M2JjN2M0YzAiOnsiY3JlYXRlIjoxODAwMDAwMDAwMDAwLCJkZWxldGUiOjE4MDAwMDAwMDAwMDAsInJlYWQiOjMwMDAwMDAwMDAwMCwidXBkYXRlIjoxODAwMDAwMDAwMDAwfX0=",
          "dependencies": [
            "azurerm_resource_group.rg",
            "azurerm_virtual_network.rg"
          ]
        }
      ]
    },
    {
      "mode": "managed",
      "type": "azurerm_virtual_network",
      "name": "rg",
      "provider": "provider[\"registry.terraform.io/hashicorp/azurerm\"]",
      "instances": [
        {
          "schema_version": 0,
          "attributes": {
            "address_space": [
              "10.0.0.0/16"
            ],
            "bgp_community": "",
            "ddos_protection_plan": [],
            "dns_servers": [],
            "flow_timeout_in_minutes": 0,
            "guid": "f859b9d5-a543-4678-841e-5098d04f1d9a",
            "id": "/subscriptions/c3deb1e1-7a98-406d-832c-64df188877df/resourceGroups/rg-dv-mosadex/providers/Microsoft.Network/virtualNetworks/rg-mosadex-cursus",
            "location": "westeurope",
            "name": "rg-mosadex-cursus",
            "resource_group_name": "rg-dv-mosadex",
            "subnet": [],
            "tags": {
              "CreatedOnDate": "2022-05-10T13:33:13.0514976Z",
              "ExpiresOn": "2022-05-13T13:33:13.0514719Z"
            },
            "timeouts": null,
            "vm_protection_enabled": false
          },
          "sensitive_attributes": [],
          "private": "eyJlMmJmYjczMC1lY2FhLTExZTYtOGY4OC0zNDM2M2JjN2M0YzAiOnsiY3JlYXRlIjoxODAwMDAwMDAwMDAwLCJkZWxldGUiOjE4MDAwMDAwMDAwMDAsInJlYWQiOjMwMDAwMDAwMDAwMCwidXBkYXRlIjoxODAwMDAwMDAwMDAwfX0=",
          "dependencies": [
            "azurerm_resource_group.rg"
          ]
        }
      ]
    },
    {
      "mode": "managed",
      "type": "azurerm_windows_virtual_machine",
      "name": "virtualmachine",
      "provider": "provider[\"registry.terraform.io/hashicorp/azurerm\"]",
      "instances": [
        {
          "index_key": 0,
          "schema_version": 0,
          "attributes": {
            "additional_capabilities": [],
            "additional_unattend_content": [],
            "admin_password": "NPENA%+bb%Zp*v8c",
            "admin_username": "mosadex",
            "allow_extension_operations": true,
            "availability_set_id": "",
            "boot_diagnostics": [],
            "computer_name": "az-mosadex-0",
            "custom_data": null,
            "dedicated_host_id": "",
            "enable_automatic_updates": true,
            "encryption_at_host_enabled": false,
            "eviction_policy": "",
            "extensions_time_budget": "PT1H30M",
            "id": "/subscriptions/c3deb1e1-7a98-406d-832c-64df188877df/resourceGroups/rg-dv-mosadex/providers/Microsoft.Compute/virtualMachines/az-mosadex-0",
            "identity": [],
            "license_type": "",
            "location": "westeurope",
            "max_bid_price": -1,
            "name": "az-mosadex-0",
            "network_interface_ids": [
              "/subscriptions/c3deb1e1-7a98-406d-832c-64df188877df/resourceGroups/rg-dv-mosadex/providers/Microsoft.Network/networkInterfaces/az-mosadex-nic-0"
            ],
            "os_disk": [
              {
                "caching": "ReadWrite",
                "diff_disk_settings": [],
                "disk_encryption_set_id": "",
                "disk_size_gb": 127,
                "name": "az-mosadex-0_OsDisk_1_94163405d3ff43ff9c6186aba2412a26",
                "storage_account_type": "Standard_LRS",
                "write_accelerator_enabled": false
              }
            ],
            "patch_mode": "AutomaticByOS",
            "plan": [],
            "platform_fault_domain": -1,
            "priority": "Regular",
            "private_ip_address": "10.0.2.4",
            "private_ip_addresses": [
              "10.0.2.4"
            ],
            "provision_vm_agent": true,
            "proximity_placement_group_id": "",
            "public_ip_address": "20.224.121.41",
            "public_ip_addresses": [
              "20.224.121.41"
            ],
            "resource_group_name": "rg-dv-mosadex",
            "secret": [],
            "secure_boot_enabled": false,
            "size": "Standard_D8s_v3",
            "source_image_id": "",
            "source_image_reference": [
              {
                "offer": "Windows-10",
                "publisher": "MicrosoftWindowsDesktop",
                "sku": "win10-21h2-entn-ltsc-g2",
                "version": "19044.1586.220303"
              }
            ],
            "tags": {
              "CreatedOnDate": "2022-05-10T13:33:21.1083456Z",
              "ExpiresOn": "2022-05-13T13:33:21.1083214Z"
            },
            "timeouts": null,
            "timezone": "",
            "virtual_machine_id": "4beee435-1a0f-4f69-aac6-742587bf306e",
            "virtual_machine_scale_set_id": "",
            "vtpm_enabled": false,
            "winrm_listener": [],
            "zone": ""
          },
          "sensitive_attributes": [],
          "private": "eyJlMmJmYjczMC1lY2FhLTExZTYtOGY4OC0zNDM2M2JjN2M0YzAiOnsiY3JlYXRlIjoyNzAwMDAwMDAwMDAwLCJkZWxldGUiOjI3MDAwMDAwMDAwMDAsInJlYWQiOjMwMDAwMDAwMDAwMCwidXBkYXRlIjoyNzAwMDAwMDAwMDAwfX0=",
          "dependencies": [
            "azurerm_network_interface.rg",
            "azurerm_public_ip.rg",
            "azurerm_resource_group.rg",
            "azurerm_subnet.rg",
            "azurerm_virtual_network.rg"
          ]
        }
      ]
    }
  ]
}
